// !$*UTF8*$!
{
	archiveVersion = 1;
	classes = {
	};
	objectVersion = 46;
	objects = {

/* Begin PBXBuildFile section */
		3E10CE852805222916E17BAE /* Pods_InstalookUITests.framework in Frameworks */ = {isa = PBXBuildFile; fileRef = D51231ADBEA24F073F386B4B /* Pods_InstalookUITests.framework */; };
		49888B667A515F0214E3CCEE /* Pods_Instalook.framework in Frameworks */ = {isa = PBXBuildFile; fileRef = E6314E582C9C69F992F56D82 /* Pods_Instalook.framework */; };
		AB506B7CEAEE2B79F779C429 /* Pods_InstalookTests.framework in Frameworks */ = {isa = PBXBuildFile; fileRef = 53CC501214783B2DAB07555F /* Pods_InstalookTests.framework */; };
		CC0162D4229C281100F624AF /* ProfileInteractor.swift in Sources */ = {isa = PBXBuildFile; fileRef = CC0162D3229C281100F624AF /* ProfileInteractor.swift */; };
		CC0162DB229C361900F624AF /* ProfilePresenter .swift in Sources */ = {isa = PBXBuildFile; fileRef = CC0162DA229C361900F624AF /* ProfilePresenter .swift */; };
		CC0249BB229C01CD00921074 /* Utils.swift in Sources */ = {isa = PBXBuildFile; fileRef = CC0249BA229C01CD00921074 /* Utils.swift */; };
		CC0A1B3422A5EC09003E0315 /* ServiceInteractor.swift in Sources */ = {isa = PBXBuildFile; fileRef = CC0A1B3322A5EC09003E0315 /* ServiceInteractor.swift */; };
		CC1BCEA922A5E1EF00E0F187 /* Service.swift in Sources */ = {isa = PBXBuildFile; fileRef = CC1BCEA822A5E1EF00E0F187 /* Service.swift */; };
		CC397E3C22B82EBD007308A9 /* Barber.swift in Sources */ = {isa = PBXBuildFile; fileRef = CC397E3B22B82EBD007308A9 /* Barber.swift */; };
		CC397E4022B837E9007308A9 /* BarberInteractor.swift in Sources */ = {isa = PBXBuildFile; fileRef = CC397E3F22B837E9007308A9 /* BarberInteractor.swift */; };
		CC397E4322B83926007308A9 /* BarberPresenter.swift in Sources */ = {isa = PBXBuildFile; fileRef = CC397E4222B83926007308A9 /* BarberPresenter.swift */; };
		CC397E4522B83950007308A9 /* BarberView.swift in Sources */ = {isa = PBXBuildFile; fileRef = CC397E4422B83950007308A9 /* BarberView.swift */; };
		CC397E4722B83BF3007308A9 /* BarberViewController.swift in Sources */ = {isa = PBXBuildFile; fileRef = CC397E4622B83BF3007308A9 /* BarberViewController.swift */; };
		CC397E4E22B8509F007308A9 /* BarberViewController+PresenterDelegate.swift in Sources */ = {isa = PBXBuildFile; fileRef = CC397E4D22B8509F007308A9 /* BarberViewController+PresenterDelegate.swift */; };
		CC397E5022B855C4007308A9 /* BarberCellView.swift in Sources */ = {isa = PBXBuildFile; fileRef = CC397E4F22B855C4007308A9 /* BarberCellView.swift */; };
		CC561C3A229BDBEC0048EB86 /* AppDelegate.swift in Sources */ = {isa = PBXBuildFile; fileRef = CC561C39229BDBEC0048EB86 /* AppDelegate.swift */; };
		CC561C3C229BDBEC0048EB86 /* ProfileViewController.swift in Sources */ = {isa = PBXBuildFile; fileRef = CC561C3B229BDBEC0048EB86 /* ProfileViewController.swift */; };
		CC561C3F229BDBEC0048EB86 /* Main.storyboard in Resources */ = {isa = PBXBuildFile; fileRef = CC561C3D229BDBEC0048EB86 /* Main.storyboard */; };
		CC561C42229BDBEC0048EB86 /* Instalook.xcdatamodeld in Sources */ = {isa = PBXBuildFile; fileRef = CC561C40229BDBEC0048EB86 /* Instalook.xcdatamodeld */; };
		CC561C44229BDBEC0048EB86 /* Assets.xcassets in Resources */ = {isa = PBXBuildFile; fileRef = CC561C43229BDBEC0048EB86 /* Assets.xcassets */; };
		CC561C47229BDBEC0048EB86 /* LaunchScreen.storyboard in Resources */ = {isa = PBXBuildFile; fileRef = CC561C45229BDBEC0048EB86 /* LaunchScreen.storyboard */; };
		CC561C52229BDBEC0048EB86 /* InstalookTests.swift in Sources */ = {isa = PBXBuildFile; fileRef = CC561C51229BDBEC0048EB86 /* InstalookTests.swift */; };
		CC561C5D229BDBEC0048EB86 /* InstalookUITests.swift in Sources */ = {isa = PBXBuildFile; fileRef = CC561C5C229BDBEC0048EB86 /* InstalookUITests.swift */; };
		CC6D082522B5917300A86C27 /* ServiceViewController.swift in Sources */ = {isa = PBXBuildFile; fileRef = CC6D082322B5917300A86C27 /* ServiceViewController.swift */; };
		CC73520022B428F300B22B92 /* Salon.swift in Sources */ = {isa = PBXBuildFile; fileRef = CC7351FF22B428F300B22B92 /* Salon.swift */; };
		CC7B009822B4085F00EDA3E9 /* Authentication.storyboard in Resources */ = {isa = PBXBuildFile; fileRef = CC7B009722B4085F00EDA3E9 /* Authentication.storyboard */; };
		CC7B009D22B409C700EDA3E9 /* SalonInteractor.swift in Sources */ = {isa = PBXBuildFile; fileRef = CC7B009C22B409C700EDA3E9 /* SalonInteractor.swift */; };
		CC7B009F22B40A8E00EDA3E9 /* LoginView.swift in Sources */ = {isa = PBXBuildFile; fileRef = CC7B009E22B40A8E00EDA3E9 /* LoginView.swift */; };
		CC7B00A122B40AAE00EDA3E9 /* LoginPresenter.swift in Sources */ = {isa = PBXBuildFile; fileRef = CC7B00A022B40AAE00EDA3E9 /* LoginPresenter.swift */; };
		CC7B00A322B40AD400EDA3E9 /* RegistrationView.swift in Sources */ = {isa = PBXBuildFile; fileRef = CC7B00A222B40AD400EDA3E9 /* RegistrationView.swift */; };
		CC7B00A522B40AEC00EDA3E9 /* RegistrationPresenter.swift in Sources */ = {isa = PBXBuildFile; fileRef = CC7B00A422B40AEC00EDA3E9 /* RegistrationPresenter.swift */; };
		CC7B00A722B40B1A00EDA3E9 /* LoginViewController.swift in Sources */ = {isa = PBXBuildFile; fileRef = CC7B00A622B40B1A00EDA3E9 /* LoginViewController.swift */; };
		CC7B00A922B40B4300EDA3E9 /* LoginViewController+PresenterDelegate.swift in Sources */ = {isa = PBXBuildFile; fileRef = CC7B00A822B40B4300EDA3E9 /* LoginViewController+PresenterDelegate.swift */; };
		CC7B00AB22B40B6800EDA3E9 /* LoginViewController+TextField.swift in Sources */ = {isa = PBXBuildFile; fileRef = CC7B00AA22B40B6800EDA3E9 /* LoginViewController+TextField.swift */; };
		CC7B00AD22B40B8C00EDA3E9 /* LoginViewController+TextFieldDelegate.swift in Sources */ = {isa = PBXBuildFile; fileRef = CC7B00AC22B40B8C00EDA3E9 /* LoginViewController+TextFieldDelegate.swift */; };
		CC7B00AF22B40BC400EDA3E9 /* RegistationViewController.swift in Sources */ = {isa = PBXBuildFile; fileRef = CC7B00AE22B40BC400EDA3E9 /* RegistationViewController.swift */; };
		CC7B00B122B40BEA00EDA3E9 /* RegistrationViewController+PresenterDelegate.swift in Sources */ = {isa = PBXBuildFile; fileRef = CC7B00B022B40BEA00EDA3E9 /* RegistrationViewController+PresenterDelegate.swift */; };
		CC7B00B322B40C1000EDA3E9 /* RegistrationViewController+TextFieldDelegate.swift in Sources */ = {isa = PBXBuildFile; fileRef = CC7B00B222B40C1000EDA3E9 /* RegistrationViewController+TextFieldDelegate.swift */; };
		CC84F37422B99BC900484F73 /* BarberCell.swift in Sources */ = {isa = PBXBuildFile; fileRef = CC84F37222B99BC900484F73 /* BarberCell.swift */; };
		CC84F37522B99BC900484F73 /* BarberCell.xib in Resources */ = {isa = PBXBuildFile; fileRef = CC84F37322B99BC900484F73 /* BarberCell.xib */; };
		CC963C4322BAEC8500929553 /* BarberDetailViewController.swift in Sources */ = {isa = PBXBuildFile; fileRef = CC963C4222BAEC8500929553 /* BarberDetailViewController.swift */; };
		CCC608DC22B693A40027FD01 /* ProfileView.swift in Sources */ = {isa = PBXBuildFile; fileRef = CCC608DB22B693A40027FD01 /* ProfileView.swift */; };
		CCC630AA229D576A00E2EB50 /* ProfileViewController+PresenterDelegate.swift in Sources */ = {isa = PBXBuildFile; fileRef = CCC630A9229D576A00E2EB50 /* ProfileViewController+PresenterDelegate.swift */; };
		CCC99A9922B6653E007E9136 /* ServiceView.swift in Sources */ = {isa = PBXBuildFile; fileRef = CCC99A9822B6653E007E9136 /* ServiceView.swift */; };
		CCC99A9B22B66590007E9136 /* ServicePresenter.swift in Sources */ = {isa = PBXBuildFile; fileRef = CCC99A9A22B66590007E9136 /* ServicePresenter.swift */; };
		CCC99A9D22B66FEF007E9136 /* ServiceViewController+PresenterDelegate.swift in Sources */ = {isa = PBXBuildFile; fileRef = CCC99A9C22B66FEF007E9136 /* ServiceViewController+PresenterDelegate.swift */; };
		CCD6C6A322B855B9000E2A8B /* ServiceCellView.swift in Sources */ = {isa = PBXBuildFile; fileRef = CCD6C6A222B855B9000E2A8B /* ServiceCellView.swift */; };
		CCDC570E22A596A30073F1F7 /* InstalookRouter.swift in Sources */ = {isa = PBXBuildFile; fileRef = CCDC570D22A596A30073F1F7 /* InstalookRouter.swift */; };
		CCDC571022A596E10073F1F7 /* NetworkingConstants.swift in Sources */ = {isa = PBXBuildFile; fileRef = CCDC570F22A596E10073F1F7 /* NetworkingConstants.swift */; };
		CCDC571222A5970A0073F1F7 /* User.swift in Sources */ = {isa = PBXBuildFile; fileRef = CCDC571122A5970A0073F1F7 /* User.swift */; };
		CCDE980922B843760087A8B6 /* ServiceCell.swift in Sources */ = {isa = PBXBuildFile; fileRef = CCDE980722B843760087A8B6 /* ServiceCell.swift */; };
		CCDE980A22B843760087A8B6 /* ServiceCell.xib in Resources */ = {isa = PBXBuildFile; fileRef = CCDE980822B843760087A8B6 /* ServiceCell.xib */; };
/* End PBXBuildFile section */

/* Begin PBXContainerItemProxy section */
		CC561C4E229BDBEC0048EB86 /* PBXContainerItemProxy */ = {
			isa = PBXContainerItemProxy;
			containerPortal = CC561C2E229BDBEB0048EB86 /* Project object */;
			proxyType = 1;
			remoteGlobalIDString = CC561C35229BDBEC0048EB86;
			remoteInfo = Instalook;
		};
		CC561C59229BDBEC0048EB86 /* PBXContainerItemProxy */ = {
			isa = PBXContainerItemProxy;
			containerPortal = CC561C2E229BDBEB0048EB86 /* Project object */;
			proxyType = 1;
			remoteGlobalIDString = CC561C35229BDBEC0048EB86;
			remoteInfo = Instalook;
		};
/* End PBXContainerItemProxy section */

/* Begin PBXFileReference section */
		0C6EA7713356BECD072E7999 /* Pods-InstalookUITests.debug.xcconfig */ = {isa = PBXFileReference; includeInIndex = 1; lastKnownFileType = text.xcconfig; name = "Pods-InstalookUITests.debug.xcconfig"; path = "Target Support Files/Pods-InstalookUITests/Pods-InstalookUITests.debug.xcconfig"; sourceTree = "<group>"; };
		4FE1CCDCD2BB49677C02D010 /* Pods-InstalookTests.debug.xcconfig */ = {isa = PBXFileReference; includeInIndex = 1; lastKnownFileType = text.xcconfig; name = "Pods-InstalookTests.debug.xcconfig"; path = "Target Support Files/Pods-InstalookTests/Pods-InstalookTests.debug.xcconfig"; sourceTree = "<group>"; };
		53CC501214783B2DAB07555F /* Pods_InstalookTests.framework */ = {isa = PBXFileReference; explicitFileType = wrapper.framework; includeInIndex = 0; path = Pods_InstalookTests.framework; sourceTree = BUILT_PRODUCTS_DIR; };
		836BBF5CD29795DA01058F80 /* Pods-Instalook.debug.xcconfig */ = {isa = PBXFileReference; includeInIndex = 1; lastKnownFileType = text.xcconfig; name = "Pods-Instalook.debug.xcconfig"; path = "Target Support Files/Pods-Instalook/Pods-Instalook.debug.xcconfig"; sourceTree = "<group>"; };
		BA7F5AEF1BE2C4AA66DF9F55 /* Pods-InstalookUITests.release.xcconfig */ = {isa = PBXFileReference; includeInIndex = 1; lastKnownFileType = text.xcconfig; name = "Pods-InstalookUITests.release.xcconfig"; path = "Target Support Files/Pods-InstalookUITests/Pods-InstalookUITests.release.xcconfig"; sourceTree = "<group>"; };
		CB6BEEEDCEB0C5E14AE28A8D /* Pods-Instalook.release.xcconfig */ = {isa = PBXFileReference; includeInIndex = 1; lastKnownFileType = text.xcconfig; name = "Pods-Instalook.release.xcconfig"; path = "Target Support Files/Pods-Instalook/Pods-Instalook.release.xcconfig"; sourceTree = "<group>"; };
		CBDE5DD142DA2524878892B3 /* Pods-InstalookTests.release.xcconfig */ = {isa = PBXFileReference; includeInIndex = 1; lastKnownFileType = text.xcconfig; name = "Pods-InstalookTests.release.xcconfig"; path = "Target Support Files/Pods-InstalookTests/Pods-InstalookTests.release.xcconfig"; sourceTree = "<group>"; };
		CC0162D3229C281100F624AF /* ProfileInteractor.swift */ = {isa = PBXFileReference; fileEncoding = 4; lastKnownFileType = sourcecode.swift; path = ProfileInteractor.swift; sourceTree = "<group>"; };
		CC0162DA229C361900F624AF /* ProfilePresenter .swift */ = {isa = PBXFileReference; fileEncoding = 4; lastKnownFileType = sourcecode.swift; path = "ProfilePresenter .swift"; sourceTree = "<group>"; };
		CC0249BA229C01CD00921074 /* Utils.swift */ = {isa = PBXFileReference; fileEncoding = 4; lastKnownFileType = sourcecode.swift; path = Utils.swift; sourceTree = "<group>"; };
		CC0A1B3322A5EC09003E0315 /* ServiceInteractor.swift */ = {isa = PBXFileReference; fileEncoding = 4; lastKnownFileType = sourcecode.swift; path = ServiceInteractor.swift; sourceTree = "<group>"; };
		CC1BCEA822A5E1EF00E0F187 /* Service.swift */ = {isa = PBXFileReference; fileEncoding = 4; lastKnownFileType = sourcecode.swift; path = Service.swift; sourceTree = "<group>"; };
		CC397E3B22B82EBD007308A9 /* Barber.swift */ = {isa = PBXFileReference; fileEncoding = 4; lastKnownFileType = sourcecode.swift; path = Barber.swift; sourceTree = "<group>"; };
		CC397E3F22B837E9007308A9 /* BarberInteractor.swift */ = {isa = PBXFileReference; fileEncoding = 4; lastKnownFileType = sourcecode.swift; path = BarberInteractor.swift; sourceTree = "<group>"; };
		CC397E4222B83926007308A9 /* BarberPresenter.swift */ = {isa = PBXFileReference; fileEncoding = 4; lastKnownFileType = sourcecode.swift; path = BarberPresenter.swift; sourceTree = "<group>"; };
		CC397E4422B83950007308A9 /* BarberView.swift */ = {isa = PBXFileReference; fileEncoding = 4; lastKnownFileType = sourcecode.swift; path = BarberView.swift; sourceTree = "<group>"; };
		CC397E4622B83BF3007308A9 /* BarberViewController.swift */ = {isa = PBXFileReference; fileEncoding = 4; lastKnownFileType = sourcecode.swift; path = BarberViewController.swift; sourceTree = "<group>"; };
		CC397E4D22B8509F007308A9 /* BarberViewController+PresenterDelegate.swift */ = {isa = PBXFileReference; fileEncoding = 4; lastKnownFileType = sourcecode.swift; path = "BarberViewController+PresenterDelegate.swift"; sourceTree = "<group>"; };
		CC397E4F22B855C4007308A9 /* BarberCellView.swift */ = {isa = PBXFileReference; fileEncoding = 4; lastKnownFileType = sourcecode.swift; path = BarberCellView.swift; sourceTree = "<group>"; };
		CC561C36229BDBEC0048EB86 /* Instalook.app */ = {isa = PBXFileReference; explicitFileType = wrapper.application; includeInIndex = 0; path = Instalook.app; sourceTree = BUILT_PRODUCTS_DIR; };
		CC561C39229BDBEC0048EB86 /* AppDelegate.swift */ = {isa = PBXFileReference; lastKnownFileType = sourcecode.swift; path = AppDelegate.swift; sourceTree = "<group>"; };
		CC561C3B229BDBEC0048EB86 /* ProfileViewController.swift */ = {isa = PBXFileReference; lastKnownFileType = sourcecode.swift; path = ProfileViewController.swift; sourceTree = "<group>"; };
		CC561C3E229BDBEC0048EB86 /* Base */ = {isa = PBXFileReference; lastKnownFileType = file.storyboard; name = Base; path = Base.lproj/Main.storyboard; sourceTree = "<group>"; };
		CC561C41229BDBEC0048EB86 /* Instalook.xcdatamodel */ = {isa = PBXFileReference; lastKnownFileType = wrapper.xcdatamodel; path = Instalook.xcdatamodel; sourceTree = "<group>"; };
		CC561C43229BDBEC0048EB86 /* Assets.xcassets */ = {isa = PBXFileReference; lastKnownFileType = folder.assetcatalog; path = Assets.xcassets; sourceTree = "<group>"; };
		CC561C46229BDBEC0048EB86 /* Base */ = {isa = PBXFileReference; lastKnownFileType = file.storyboard; name = Base; path = Base.lproj/LaunchScreen.storyboard; sourceTree = "<group>"; };
		CC561C48229BDBEC0048EB86 /* Info.plist */ = {isa = PBXFileReference; lastKnownFileType = text.plist.xml; path = Info.plist; sourceTree = "<group>"; };
		CC561C4D229BDBEC0048EB86 /* InstalookTests.xctest */ = {isa = PBXFileReference; explicitFileType = wrapper.cfbundle; includeInIndex = 0; path = InstalookTests.xctest; sourceTree = BUILT_PRODUCTS_DIR; };
		CC561C51229BDBEC0048EB86 /* InstalookTests.swift */ = {isa = PBXFileReference; lastKnownFileType = sourcecode.swift; path = InstalookTests.swift; sourceTree = "<group>"; };
		CC561C53229BDBEC0048EB86 /* Info.plist */ = {isa = PBXFileReference; lastKnownFileType = text.plist.xml; path = Info.plist; sourceTree = "<group>"; };
		CC561C58229BDBEC0048EB86 /* InstalookUITests.xctest */ = {isa = PBXFileReference; explicitFileType = wrapper.cfbundle; includeInIndex = 0; path = InstalookUITests.xctest; sourceTree = BUILT_PRODUCTS_DIR; };
		CC561C5C229BDBEC0048EB86 /* InstalookUITests.swift */ = {isa = PBXFileReference; lastKnownFileType = sourcecode.swift; path = InstalookUITests.swift; sourceTree = "<group>"; };
		CC561C5E229BDBEC0048EB86 /* Info.plist */ = {isa = PBXFileReference; lastKnownFileType = text.plist.xml; path = Info.plist; sourceTree = "<group>"; };
		CC6D082322B5917300A86C27 /* ServiceViewController.swift */ = {isa = PBXFileReference; fileEncoding = 4; lastKnownFileType = sourcecode.swift; path = ServiceViewController.swift; sourceTree = "<group>"; };
		CC7351FF22B428F300B22B92 /* Salon.swift */ = {isa = PBXFileReference; fileEncoding = 4; lastKnownFileType = sourcecode.swift; path = Salon.swift; sourceTree = "<group>"; };
		CC7B009722B4085F00EDA3E9 /* Authentication.storyboard */ = {isa = PBXFileReference; fileEncoding = 4; lastKnownFileType = file.storyboard; path = Authentication.storyboard; sourceTree = "<group>"; };
		CC7B009C22B409C700EDA3E9 /* SalonInteractor.swift */ = {isa = PBXFileReference; fileEncoding = 4; lastKnownFileType = sourcecode.swift; path = SalonInteractor.swift; sourceTree = "<group>"; };
		CC7B009E22B40A8E00EDA3E9 /* LoginView.swift */ = {isa = PBXFileReference; fileEncoding = 4; lastKnownFileType = sourcecode.swift; path = LoginView.swift; sourceTree = "<group>"; };
		CC7B00A022B40AAE00EDA3E9 /* LoginPresenter.swift */ = {isa = PBXFileReference; fileEncoding = 4; lastKnownFileType = sourcecode.swift; path = LoginPresenter.swift; sourceTree = "<group>"; };
		CC7B00A222B40AD400EDA3E9 /* RegistrationView.swift */ = {isa = PBXFileReference; fileEncoding = 4; lastKnownFileType = sourcecode.swift; path = RegistrationView.swift; sourceTree = "<group>"; };
		CC7B00A422B40AEC00EDA3E9 /* RegistrationPresenter.swift */ = {isa = PBXFileReference; fileEncoding = 4; lastKnownFileType = sourcecode.swift; path = RegistrationPresenter.swift; sourceTree = "<group>"; };
		CC7B00A622B40B1A00EDA3E9 /* LoginViewController.swift */ = {isa = PBXFileReference; fileEncoding = 4; lastKnownFileType = sourcecode.swift; path = LoginViewController.swift; sourceTree = "<group>"; };
		CC7B00A822B40B4300EDA3E9 /* LoginViewController+PresenterDelegate.swift */ = {isa = PBXFileReference; fileEncoding = 4; lastKnownFileType = sourcecode.swift; path = "LoginViewController+PresenterDelegate.swift"; sourceTree = "<group>"; };
		CC7B00AA22B40B6800EDA3E9 /* LoginViewController+TextField.swift */ = {isa = PBXFileReference; fileEncoding = 4; lastKnownFileType = sourcecode.swift; path = "LoginViewController+TextField.swift"; sourceTree = "<group>"; };
		CC7B00AC22B40B8C00EDA3E9 /* LoginViewController+TextFieldDelegate.swift */ = {isa = PBXFileReference; fileEncoding = 4; lastKnownFileType = sourcecode.swift; path = "LoginViewController+TextFieldDelegate.swift"; sourceTree = "<group>"; };
		CC7B00AE22B40BC400EDA3E9 /* RegistationViewController.swift */ = {isa = PBXFileReference; fileEncoding = 4; lastKnownFileType = sourcecode.swift; path = RegistationViewController.swift; sourceTree = "<group>"; };
		CC7B00B022B40BEA00EDA3E9 /* RegistrationViewController+PresenterDelegate.swift */ = {isa = PBXFileReference; fileEncoding = 4; lastKnownFileType = sourcecode.swift; path = "RegistrationViewController+PresenterDelegate.swift"; sourceTree = "<group>"; };
		CC7B00B222B40C1000EDA3E9 /* RegistrationViewController+TextFieldDelegate.swift */ = {isa = PBXFileReference; fileEncoding = 4; lastKnownFileType = sourcecode.swift; path = "RegistrationViewController+TextFieldDelegate.swift"; sourceTree = "<group>"; };
		CC84F37222B99BC900484F73 /* BarberCell.swift */ = {isa = PBXFileReference; fileEncoding = 4; lastKnownFileType = sourcecode.swift; path = BarberCell.swift; sourceTree = "<group>"; };
		CC84F37322B99BC900484F73 /* BarberCell.xib */ = {isa = PBXFileReference; fileEncoding = 4; lastKnownFileType = file.xib; path = BarberCell.xib; sourceTree = "<group>"; };
		CC963C4222BAEC8500929553 /* BarberDetailViewController.swift */ = {isa = PBXFileReference; fileEncoding = 4; lastKnownFileType = sourcecode.swift; path = BarberDetailViewController.swift; sourceTree = "<group>"; };
		CCC608DB22B693A40027FD01 /* ProfileView.swift */ = {isa = PBXFileReference; fileEncoding = 4; lastKnownFileType = sourcecode.swift; path = ProfileView.swift; sourceTree = "<group>"; };
		CCC630A9229D576A00E2EB50 /* ProfileViewController+PresenterDelegate.swift */ = {isa = PBXFileReference; fileEncoding = 4; lastKnownFileType = sourcecode.swift; path = "ProfileViewController+PresenterDelegate.swift"; sourceTree = "<group>"; };
		CCC99A9822B6653E007E9136 /* ServiceView.swift */ = {isa = PBXFileReference; fileEncoding = 4; lastKnownFileType = sourcecode.swift; path = ServiceView.swift; sourceTree = "<group>"; };
		CCC99A9A22B66590007E9136 /* ServicePresenter.swift */ = {isa = PBXFileReference; fileEncoding = 4; lastKnownFileType = sourcecode.swift; path = ServicePresenter.swift; sourceTree = "<group>"; };
		CCC99A9C22B66FEF007E9136 /* ServiceViewController+PresenterDelegate.swift */ = {isa = PBXFileReference; fileEncoding = 4; lastKnownFileType = sourcecode.swift; path = "ServiceViewController+PresenterDelegate.swift"; sourceTree = "<group>"; };
		CCD6C6A222B855B9000E2A8B /* ServiceCellView.swift */ = {isa = PBXFileReference; fileEncoding = 4; lastKnownFileType = sourcecode.swift; path = ServiceCellView.swift; sourceTree = "<group>"; };
		CCDC570D22A596A30073F1F7 /* InstalookRouter.swift */ = {isa = PBXFileReference; fileEncoding = 4; lastKnownFileType = sourcecode.swift; path = InstalookRouter.swift; sourceTree = "<group>"; };
		CCDC570F22A596E10073F1F7 /* NetworkingConstants.swift */ = {isa = PBXFileReference; fileEncoding = 4; lastKnownFileType = sourcecode.swift; path = NetworkingConstants.swift; sourceTree = "<group>"; };
		CCDC571122A5970A0073F1F7 /* User.swift */ = {isa = PBXFileReference; fileEncoding = 4; lastKnownFileType = sourcecode.swift; path = User.swift; sourceTree = "<group>"; };
		CCDE980722B843760087A8B6 /* ServiceCell.swift */ = {isa = PBXFileReference; fileEncoding = 4; lastKnownFileType = sourcecode.swift; path = ServiceCell.swift; sourceTree = "<group>"; };
		CCDE980822B843760087A8B6 /* ServiceCell.xib */ = {isa = PBXFileReference; fileEncoding = 4; lastKnownFileType = file.xib; path = ServiceCell.xib; sourceTree = "<group>"; };
		D51231ADBEA24F073F386B4B /* Pods_InstalookUITests.framework */ = {isa = PBXFileReference; explicitFileType = wrapper.framework; includeInIndex = 0; path = Pods_InstalookUITests.framework; sourceTree = BUILT_PRODUCTS_DIR; };
		E6314E582C9C69F992F56D82 /* Pods_Instalook.framework */ = {isa = PBXFileReference; explicitFileType = wrapper.framework; includeInIndex = 0; path = Pods_Instalook.framework; sourceTree = BUILT_PRODUCTS_DIR; };
/* End PBXFileReference section */

/* Begin PBXFrameworksBuildPhase section */
		CC561C33229BDBEC0048EB86 /* Frameworks */ = {
			isa = PBXFrameworksBuildPhase;
			buildActionMask = 2147483647;
			files = (
				49888B667A515F0214E3CCEE /* Pods_Instalook.framework in Frameworks */,
			);
			runOnlyForDeploymentPostprocessing = 0;
		};
		CC561C4A229BDBEC0048EB86 /* Frameworks */ = {
			isa = PBXFrameworksBuildPhase;
			buildActionMask = 2147483647;
			files = (
				AB506B7CEAEE2B79F779C429 /* Pods_InstalookTests.framework in Frameworks */,
			);
			runOnlyForDeploymentPostprocessing = 0;
		};
		CC561C55229BDBEC0048EB86 /* Frameworks */ = {
			isa = PBXFrameworksBuildPhase;
			buildActionMask = 2147483647;
			files = (
				3E10CE852805222916E17BAE /* Pods_InstalookUITests.framework in Frameworks */,
			);
			runOnlyForDeploymentPostprocessing = 0;
		};
/* End PBXFrameworksBuildPhase section */

/* Begin PBXGroup section */
		8C3E94783976CE8D1FEFE416 /* Pods */ = {
			isa = PBXGroup;
			children = (
				836BBF5CD29795DA01058F80 /* Pods-Instalook.debug.xcconfig */,
				CB6BEEEDCEB0C5E14AE28A8D /* Pods-Instalook.release.xcconfig */,
				4FE1CCDCD2BB49677C02D010 /* Pods-InstalookTests.debug.xcconfig */,
				CBDE5DD142DA2524878892B3 /* Pods-InstalookTests.release.xcconfig */,
				0C6EA7713356BECD072E7999 /* Pods-InstalookUITests.debug.xcconfig */,
				BA7F5AEF1BE2C4AA66DF9F55 /* Pods-InstalookUITests.release.xcconfig */,
			);
			path = Pods;
			sourceTree = "<group>";
		};
		CC0162D0229C277100F624AF /* Model */ = {
			isa = PBXGroup;
			children = (
				CCDC571122A5970A0073F1F7 /* User.swift */,
				CC7351FF22B428F300B22B92 /* Salon.swift */,
				CC397E3B22B82EBD007308A9 /* Barber.swift */,
				CC1BCEA822A5E1EF00E0F187 /* Service.swift */,
				CC561C40229BDBEC0048EB86 /* Instalook.xcdatamodeld */,
			);
			name = Model;
			sourceTree = "<group>";
		};
		CC0162D1229C27D100F624AF /* Interactor */ = {
			isa = PBXGroup;
			children = (
				CC0162D3229C281100F624AF /* ProfileInteractor.swift */,
			);
			name = Interactor;
			sourceTree = "<group>";
		};
		CC0162D9229C357600F624AF /* Presenter */ = {
			isa = PBXGroup;
			children = (
				CCC608DB22B693A40027FD01 /* ProfileView.swift */,
				CC0162DA229C361900F624AF /* ProfilePresenter .swift */,
			);
			name = Presenter;
			sourceTree = "<group>";
		};
		CC0249B9229C019300921074 /* Utils */ = {
			isa = PBXGroup;
			children = (
				CC0249BA229C01CD00921074 /* Utils.swift */,
			);
			name = Utils;
			sourceTree = "<group>";
		};
		CC397E3D22B83781007308A9 /* Barbers */ = {
			isa = PBXGroup;
			children = (
				CC397E4622B83BF3007308A9 /* BarberViewController.swift */,
				CC397E4D22B8509F007308A9 /* BarberViewController+PresenterDelegate.swift */,
				CC963C4222BAEC8500929553 /* BarberDetailViewController.swift */,
				CC397E4822B83C82007308A9 /* TableViewCell */,
				CC397E4122B83909007308A9 /* Presenter */,
				CC397E3E22B837B4007308A9 /* Interactor */,
			);
			name = Barbers;
			sourceTree = "<group>";
		};
		CC397E3E22B837B4007308A9 /* Interactor */ = {
			isa = PBXGroup;
			children = (
				CC397E3F22B837E9007308A9 /* BarberInteractor.swift */,
			);
			name = Interactor;
			sourceTree = "<group>";
		};
		CC397E4122B83909007308A9 /* Presenter */ = {
			isa = PBXGroup;
			children = (
				CC397E4422B83950007308A9 /* BarberView.swift */,
				CC397E4F22B855C4007308A9 /* BarberCellView.swift */,
				CC397E4222B83926007308A9 /* BarberPresenter.swift */,
			);
			name = Presenter;
			sourceTree = "<group>";
		};
		CC397E4822B83C82007308A9 /* TableViewCell */ = {
			isa = PBXGroup;
			children = (
				CC84F37222B99BC900484F73 /* BarberCell.swift */,
				CC84F37322B99BC900484F73 /* BarberCell.xib */,
			);
			name = TableViewCell;
			sourceTree = "<group>";
		};
		CC561C2D229BDBEB0048EB86 = {
			isa = PBXGroup;
			children = (
				CC561C38229BDBEC0048EB86 /* Instalook */,
				CC561C50229BDBEC0048EB86 /* InstalookTests */,
				CC561C5B229BDBEC0048EB86 /* InstalookUITests */,
				CC561C37229BDBEC0048EB86 /* Products */,
				8C3E94783976CE8D1FEFE416 /* Pods */,
				EBAF3AE2A4E62F8A77107F31 /* Frameworks */,
			);
			sourceTree = "<group>";
		};
		CC561C37229BDBEC0048EB86 /* Products */ = {
			isa = PBXGroup;
			children = (
				CC561C36229BDBEC0048EB86 /* Instalook.app */,
				CC561C4D229BDBEC0048EB86 /* InstalookTests.xctest */,
				CC561C58229BDBEC0048EB86 /* InstalookUITests.xctest */,
			);
			name = Products;
			sourceTree = "<group>";
		};
		CC561C38229BDBEC0048EB86 /* Instalook */ = {
			isa = PBXGroup;
			children = (
				CC561C6A229BDC0D0048EB86 /* Configuration */,
				CC561C6C229BDC8C0048EB86 /* Core */,
				CC561C6B229BDC1A0048EB86 /* Resources */,
				CC561C6D229BDC9A0048EB86 /* Storyboards */,
				CC0162D0229C277100F624AF /* Model */,
				CC561C6E229BDCC40048EB86 /* Scenes */,
				CCDC570C22A596720073F1F7 /* Network */,
				CC0249B9229C019300921074 /* Utils */,
			);
			path = Instalook;
			sourceTree = "<group>";
		};
		CC561C50229BDBEC0048EB86 /* InstalookTests */ = {
			isa = PBXGroup;
			children = (
				CC561C51229BDBEC0048EB86 /* InstalookTests.swift */,
				CC561C53229BDBEC0048EB86 /* Info.plist */,
			);
			path = InstalookTests;
			sourceTree = "<group>";
		};
		CC561C5B229BDBEC0048EB86 /* InstalookUITests */ = {
			isa = PBXGroup;
			children = (
				CC561C5C229BDBEC0048EB86 /* InstalookUITests.swift */,
				CC561C5E229BDBEC0048EB86 /* Info.plist */,
			);
			path = InstalookUITests;
			sourceTree = "<group>";
		};
		CC561C6A229BDC0D0048EB86 /* Configuration */ = {
			isa = PBXGroup;
			children = (
				CC561C48229BDBEC0048EB86 /* Info.plist */,
			);
			name = Configuration;
			sourceTree = "<group>";
		};
		CC561C6B229BDC1A0048EB86 /* Resources */ = {
			isa = PBXGroup;
			children = (
				CC561C43229BDBEC0048EB86 /* Assets.xcassets */,
				CC561C45229BDBEC0048EB86 /* LaunchScreen.storyboard */,
			);
			name = Resources;
			sourceTree = "<group>";
		};
		CC561C6C229BDC8C0048EB86 /* Core */ = {
			isa = PBXGroup;
			children = (
				CC561C39229BDBEC0048EB86 /* AppDelegate.swift */,
			);
			name = Core;
			sourceTree = "<group>";
		};
		CC561C6D229BDC9A0048EB86 /* Storyboards */ = {
			isa = PBXGroup;
			children = (
				CC561C3D229BDBEC0048EB86 /* Main.storyboard */,
				CC7B009722B4085F00EDA3E9 /* Authentication.storyboard */,
			);
			name = Storyboards;
			sourceTree = "<group>";
		};
		CC561C6E229BDCC40048EB86 /* Scenes */ = {
			isa = PBXGroup;
			children = (
				CC7B009922B4097700EDA3E9 /* Authentication */,
				CC397E3D22B83781007308A9 /* Barbers */,
				CC7AEDFE22B54BCC00FF9593 /* Services */,
				CC561C6F229BDD040048EB86 /* Profile */,
			);
			name = Scenes;
			sourceTree = "<group>";
		};
		CC561C6F229BDD040048EB86 /* Profile */ = {
			isa = PBXGroup;
			children = (
				CC561C3B229BDBEC0048EB86 /* ProfileViewController.swift */,
				CCC630A9229D576A00E2EB50 /* ProfileViewController+PresenterDelegate.swift */,
				CC0162D9229C357600F624AF /* Presenter */,
				CC0162D1229C27D100F624AF /* Interactor */,
			);
			name = Profile;
			sourceTree = "<group>";
		};
		CC7AEDFE22B54BCC00FF9593 /* Services */ = {
			isa = PBXGroup;
			children = (
				CC6D082322B5917300A86C27 /* ServiceViewController.swift */,
				CCC99A9C22B66FEF007E9136 /* ServiceViewController+PresenterDelegate.swift */,
				CCDE980622B843260087A8B6 /* TableViewCell */,
				CCC99A9622B663F4007E9136 /* Presenter */,
				CCC99A9722B66400007E9136 /* Interactor */,
			);
			name = Services;
			sourceTree = "<group>";
		};
		CC7B009922B4097700EDA3E9 /* Authentication */ = {
			isa = PBXGroup;
			children = (
				CC7B00A622B40B1A00EDA3E9 /* LoginViewController.swift */,
				CC7B00A822B40B4300EDA3E9 /* LoginViewController+PresenterDelegate.swift */,
				CC7B00AA22B40B6800EDA3E9 /* LoginViewController+TextField.swift */,
				CC7B00AC22B40B8C00EDA3E9 /* LoginViewController+TextFieldDelegate.swift */,
				CC7B00AE22B40BC400EDA3E9 /* RegistationViewController.swift */,
				CC7B00B022B40BEA00EDA3E9 /* RegistrationViewController+PresenterDelegate.swift */,
				CC7B00B222B40C1000EDA3E9 /* RegistrationViewController+TextFieldDelegate.swift */,
				CC7B009A22B4098C00EDA3E9 /* Presenter */,
				CC7B009B22B4099600EDA3E9 /* Interactor */,
			);
			name = Authentication;
			sourceTree = "<group>";
		};
		CC7B009A22B4098C00EDA3E9 /* Presenter */ = {
			isa = PBXGroup;
			children = (
				CC7B009E22B40A8E00EDA3E9 /* LoginView.swift */,
				CC7B00A022B40AAE00EDA3E9 /* LoginPresenter.swift */,
				CC7B00A222B40AD400EDA3E9 /* RegistrationView.swift */,
				CC7B00A422B40AEC00EDA3E9 /* RegistrationPresenter.swift */,
			);
			name = Presenter;
			sourceTree = "<group>";
		};
		CC7B009B22B4099600EDA3E9 /* Interactor */ = {
			isa = PBXGroup;
			children = (
				CC7B009C22B409C700EDA3E9 /* SalonInteractor.swift */,
			);
			name = Interactor;
			sourceTree = "<group>";
		};
		CCC99A9622B663F4007E9136 /* Presenter */ = {
			isa = PBXGroup;
			children = (
				CCC99A9822B6653E007E9136 /* ServiceView.swift */,
				CCD6C6A222B855B9000E2A8B /* ServiceCellView.swift */,
				CCC99A9A22B66590007E9136 /* ServicePresenter.swift */,
			);
			name = Presenter;
			sourceTree = "<group>";
		};
		CCC99A9722B66400007E9136 /* Interactor */ = {
			isa = PBXGroup;
			children = (
				CC0A1B3322A5EC09003E0315 /* ServiceInteractor.swift */,
			);
			name = Interactor;
			sourceTree = "<group>";
		};
		CCDC570C22A596720073F1F7 /* Network */ = {
			isa = PBXGroup;
			children = (
				CCDC570D22A596A30073F1F7 /* InstalookRouter.swift */,
				CCDC570F22A596E10073F1F7 /* NetworkingConstants.swift */,
			);
			name = Network;
			path = ..;
			sourceTree = "<group>";
		};
		CCDE980622B843260087A8B6 /* TableViewCell */ = {
			isa = PBXGroup;
			children = (
				CCDE980722B843760087A8B6 /* ServiceCell.swift */,
				CCDE980822B843760087A8B6 /* ServiceCell.xib */,
			);
			name = TableViewCell;
			sourceTree = "<group>";
		};
		EBAF3AE2A4E62F8A77107F31 /* Frameworks */ = {
			isa = PBXGroup;
			children = (
				E6314E582C9C69F992F56D82 /* Pods_Instalook.framework */,
				53CC501214783B2DAB07555F /* Pods_InstalookTests.framework */,
				D51231ADBEA24F073F386B4B /* Pods_InstalookUITests.framework */,
			);
			name = Frameworks;
			sourceTree = "<group>";
		};
/* End PBXGroup section */

/* Begin PBXNativeTarget section */
		CC561C35229BDBEC0048EB86 /* Instalook */ = {
			isa = PBXNativeTarget;
			buildConfigurationList = CC561C61229BDBEC0048EB86 /* Build configuration list for PBXNativeTarget "Instalook" */;
			buildPhases = (
				949DB58FF65BDAD89C900E78 /* [CP] Check Pods Manifest.lock */,
				CC561C32229BDBEC0048EB86 /* Sources */,
				CC561C33229BDBEC0048EB86 /* Frameworks */,
				CC561C34229BDBEC0048EB86 /* Resources */,
				370F8267491DA47135E5B5CE /* [CP] Embed Pods Frameworks */,
			);
			buildRules = (
			);
			dependencies = (
			);
			name = Instalook;
			productName = Instalook;
			productReference = CC561C36229BDBEC0048EB86 /* Instalook.app */;
			productType = "com.apple.product-type.application";
		};
		CC561C4C229BDBEC0048EB86 /* InstalookTests */ = {
			isa = PBXNativeTarget;
			buildConfigurationList = CC561C64229BDBEC0048EB86 /* Build configuration list for PBXNativeTarget "InstalookTests" */;
			buildPhases = (
				ADB409137E05CEBCD0DA2E56 /* [CP] Check Pods Manifest.lock */,
				CC561C49229BDBEC0048EB86 /* Sources */,
				CC561C4A229BDBEC0048EB86 /* Frameworks */,
				CC561C4B229BDBEC0048EB86 /* Resources */,
			);
			buildRules = (
			);
			dependencies = (
				CC561C4F229BDBEC0048EB86 /* PBXTargetDependency */,
			);
			name = InstalookTests;
			productName = InstalookTests;
			productReference = CC561C4D229BDBEC0048EB86 /* InstalookTests.xctest */;
			productType = "com.apple.product-type.bundle.unit-test";
		};
		CC561C57229BDBEC0048EB86 /* InstalookUITests */ = {
			isa = PBXNativeTarget;
			buildConfigurationList = CC561C67229BDBEC0048EB86 /* Build configuration list for PBXNativeTarget "InstalookUITests" */;
			buildPhases = (
				5940BA1F35FB4A864C817D6F /* [CP] Check Pods Manifest.lock */,
				CC561C54229BDBEC0048EB86 /* Sources */,
				CC561C55229BDBEC0048EB86 /* Frameworks */,
				CC561C56229BDBEC0048EB86 /* Resources */,
			);
			buildRules = (
			);
			dependencies = (
				CC561C5A229BDBEC0048EB86 /* PBXTargetDependency */,
			);
			name = InstalookUITests;
			productName = InstalookUITests;
			productReference = CC561C58229BDBEC0048EB86 /* InstalookUITests.xctest */;
			productType = "com.apple.product-type.bundle.ui-testing";
		};
/* End PBXNativeTarget section */

/* Begin PBXProject section */
		CC561C2E229BDBEB0048EB86 /* Project object */ = {
			isa = PBXProject;
			attributes = {
				LastSwiftUpdateCheck = 0820;
				LastUpgradeCheck = 0820;
				ORGANIZATIONNAME = instalook;
				TargetAttributes = {
					CC561C35229BDBEC0048EB86 = {
						CreatedOnToolsVersion = 8.2.1;
						ProvisioningStyle = Automatic;
					};
					CC561C4C229BDBEC0048EB86 = {
						CreatedOnToolsVersion = 8.2.1;
						ProvisioningStyle = Automatic;
						TestTargetID = CC561C35229BDBEC0048EB86;
					};
					CC561C57229BDBEC0048EB86 = {
						CreatedOnToolsVersion = 8.2.1;
						ProvisioningStyle = Automatic;
						TestTargetID = CC561C35229BDBEC0048EB86;
					};
				};
			};
			buildConfigurationList = CC561C31229BDBEB0048EB86 /* Build configuration list for PBXProject "Instalook" */;
			compatibilityVersion = "Xcode 3.2";
			developmentRegion = English;
			hasScannedForEncodings = 0;
			knownRegions = (
				en,
				Base,
			);
			mainGroup = CC561C2D229BDBEB0048EB86;
			productRefGroup = CC561C37229BDBEC0048EB86 /* Products */;
			projectDirPath = "";
			projectRoot = "";
			targets = (
				CC561C35229BDBEC0048EB86 /* Instalook */,
				CC561C4C229BDBEC0048EB86 /* InstalookTests */,
				CC561C57229BDBEC0048EB86 /* InstalookUITests */,
			);
		};
/* End PBXProject section */

/* Begin PBXResourcesBuildPhase section */
		CC561C34229BDBEC0048EB86 /* Resources */ = {
			isa = PBXResourcesBuildPhase;
			buildActionMask = 2147483647;
			files = (
				CC561C47229BDBEC0048EB86 /* LaunchScreen.storyboard in Resources */,
				CC84F37522B99BC900484F73 /* BarberCell.xib in Resources */,
				CCDE980A22B843760087A8B6 /* ServiceCell.xib in Resources */,
				CC561C44229BDBEC0048EB86 /* Assets.xcassets in Resources */,
				CC561C3F229BDBEC0048EB86 /* Main.storyboard in Resources */,
				CC7B009822B4085F00EDA3E9 /* Authentication.storyboard in Resources */,
			);
			runOnlyForDeploymentPostprocessing = 0;
		};
		CC561C4B229BDBEC0048EB86 /* Resources */ = {
			isa = PBXResourcesBuildPhase;
			buildActionMask = 2147483647;
			files = (
			);
			runOnlyForDeploymentPostprocessing = 0;
		};
		CC561C56229BDBEC0048EB86 /* Resources */ = {
			isa = PBXResourcesBuildPhase;
			buildActionMask = 2147483647;
			files = (
			);
			runOnlyForDeploymentPostprocessing = 0;
		};
/* End PBXResourcesBuildPhase section */

/* Begin PBXShellScriptBuildPhase section */
		370F8267491DA47135E5B5CE /* [CP] Embed Pods Frameworks */ = {
			isa = PBXShellScriptBuildPhase;
			buildActionMask = 2147483647;
			files = (
			);
			inputPaths = (
				"${PODS_ROOT}/Target Support Files/Pods-Instalook/Pods-Instalook-frameworks.sh",
				"${BUILT_PRODUCTS_DIR}/Alamofire/Alamofire.framework",
				"${BUILT_PRODUCTS_DIR}/Alamofire-SwiftyJSON/Alamofire_SwiftyJSON.framework",
				"${BUILT_PRODUCTS_DIR}/AlamofireObjectMapper/AlamofireObjectMapper.framework",
				"${BUILT_PRODUCTS_DIR}/Cosmos/Cosmos.framework",
				"${BUILT_PRODUCTS_DIR}/ObjectMapper/ObjectMapper.framework",
				"${BUILT_PRODUCTS_DIR}/SDWebImage/SDWebImage.framework",
				"${BUILT_PRODUCTS_DIR}/SwiftyJSON/SwiftyJSON.framework",
			);
			name = "[CP] Embed Pods Frameworks";
			outputPaths = (
				"${TARGET_BUILD_DIR}/${FRAMEWORKS_FOLDER_PATH}/Alamofire.framework",
				"${TARGET_BUILD_DIR}/${FRAMEWORKS_FOLDER_PATH}/Alamofire_SwiftyJSON.framework",
				"${TARGET_BUILD_DIR}/${FRAMEWORKS_FOLDER_PATH}/AlamofireObjectMapper.framework",
				"${TARGET_BUILD_DIR}/${FRAMEWORKS_FOLDER_PATH}/Cosmos.framework",
				"${TARGET_BUILD_DIR}/${FRAMEWORKS_FOLDER_PATH}/ObjectMapper.framework",
				"${TARGET_BUILD_DIR}/${FRAMEWORKS_FOLDER_PATH}/SDWebImage.framework",
				"${TARGET_BUILD_DIR}/${FRAMEWORKS_FOLDER_PATH}/SwiftyJSON.framework",
			);
			runOnlyForDeploymentPostprocessing = 0;
			shellPath = /bin/sh;
			shellScript = "\"${PODS_ROOT}/Target Support Files/Pods-Instalook/Pods-Instalook-frameworks.sh\"\n";
			showEnvVarsInLog = 0;
		};
		5940BA1F35FB4A864C817D6F /* [CP] Check Pods Manifest.lock */ = {
			isa = PBXShellScriptBuildPhase;
			buildActionMask = 2147483647;
			files = (
			);
			inputPaths = (
				"${PODS_PODFILE_DIR_PATH}/Podfile.lock",
				"${PODS_ROOT}/Manifest.lock",
			);
			name = "[CP] Check Pods Manifest.lock";
			outputPaths = (
				"$(DERIVED_FILE_DIR)/Pods-InstalookUITests-checkManifestLockResult.txt",
			);
			runOnlyForDeploymentPostprocessing = 0;
			shellPath = /bin/sh;
			shellScript = "diff \"${PODS_PODFILE_DIR_PATH}/Podfile.lock\" \"${PODS_ROOT}/Manifest.lock\" > /dev/null\nif [ $? != 0 ] ; then\n    # print error to STDERR\n    echo \"error: The sandbox is not in sync with the Podfile.lock. Run 'pod install' or update your CocoaPods installation.\" >&2\n    exit 1\nfi\n# This output is used by Xcode 'outputs' to avoid re-running this script phase.\necho \"SUCCESS\" > \"${SCRIPT_OUTPUT_FILE_0}\"\n";
			showEnvVarsInLog = 0;
		};
		949DB58FF65BDAD89C900E78 /* [CP] Check Pods Manifest.lock */ = {
			isa = PBXShellScriptBuildPhase;
			buildActionMask = 2147483647;
			files = (
			);
			inputPaths = (
				"${PODS_PODFILE_DIR_PATH}/Podfile.lock",
				"${PODS_ROOT}/Manifest.lock",
			);
			name = "[CP] Check Pods Manifest.lock";
			outputPaths = (
				"$(DERIVED_FILE_DIR)/Pods-Instalook-checkManifestLockResult.txt",
			);
			runOnlyForDeploymentPostprocessing = 0;
			shellPath = /bin/sh;
			shellScript = "diff \"${PODS_PODFILE_DIR_PATH}/Podfile.lock\" \"${PODS_ROOT}/Manifest.lock\" > /dev/null\nif [ $? != 0 ] ; then\n    # print error to STDERR\n    echo \"error: The sandbox is not in sync with the Podfile.lock. Run 'pod install' or update your CocoaPods installation.\" >&2\n    exit 1\nfi\n# This output is used by Xcode 'outputs' to avoid re-running this script phase.\necho \"SUCCESS\" > \"${SCRIPT_OUTPUT_FILE_0}\"\n";
			showEnvVarsInLog = 0;
		};
		ADB409137E05CEBCD0DA2E56 /* [CP] Check Pods Manifest.lock */ = {
			isa = PBXShellScriptBuildPhase;
			buildActionMask = 2147483647;
			files = (
			);
			inputPaths = (
				"${PODS_PODFILE_DIR_PATH}/Podfile.lock",
				"${PODS_ROOT}/Manifest.lock",
			);
			name = "[CP] Check Pods Manifest.lock";
			outputPaths = (
				"$(DERIVED_FILE_DIR)/Pods-InstalookTests-checkManifestLockResult.txt",
			);
			runOnlyForDeploymentPostprocessing = 0;
			shellPath = /bin/sh;
			shellScript = "diff \"${PODS_PODFILE_DIR_PATH}/Podfile.lock\" \"${PODS_ROOT}/Manifest.lock\" > /dev/null\nif [ $? != 0 ] ; then\n    # print error to STDERR\n    echo \"error: The sandbox is not in sync with the Podfile.lock. Run 'pod install' or update your CocoaPods installation.\" >&2\n    exit 1\nfi\n# This output is used by Xcode 'outputs' to avoid re-running this script phase.\necho \"SUCCESS\" > \"${SCRIPT_OUTPUT_FILE_0}\"\n";
			showEnvVarsInLog = 0;
		};
/* End PBXShellScriptBuildPhase section */

/* Begin PBXSourcesBuildPhase section */
		CC561C32229BDBEC0048EB86 /* Sources */ = {
			isa = PBXSourcesBuildPhase;
			buildActionMask = 2147483647;
			files = (
				CC7B00B122B40BEA00EDA3E9 /* RegistrationViewController+PresenterDelegate.swift in Sources */,
				CC7B00AF22B40BC400EDA3E9 /* RegistationViewController.swift in Sources */,
				CCC630AA229D576A00E2EB50 /* ProfileViewController+PresenterDelegate.swift in Sources */,
				CCDC570E22A596A30073F1F7 /* InstalookRouter.swift in Sources */,
				CCDE980922B843760087A8B6 /* ServiceCell.swift in Sources */,
				CC7B00AD22B40B8C00EDA3E9 /* LoginViewController+TextFieldDelegate.swift in Sources */,
				CC7B00AB22B40B6800EDA3E9 /* LoginViewController+TextField.swift in Sources */,
				CC397E5022B855C4007308A9 /* BarberCellView.swift in Sources */,
				CC1BCEA922A5E1EF00E0F187 /* Service.swift in Sources */,
				CC0162DB229C361900F624AF /* ProfilePresenter .swift in Sources */,
				CC73520022B428F300B22B92 /* Salon.swift in Sources */,
				CC397E4722B83BF3007308A9 /* BarberViewController.swift in Sources */,
				CC7B00A122B40AAE00EDA3E9 /* LoginPresenter.swift in Sources */,
				CC397E4522B83950007308A9 /* BarberView.swift in Sources */,
				CC7B00A522B40AEC00EDA3E9 /* RegistrationPresenter.swift in Sources */,
				CCDC571222A5970A0073F1F7 /* User.swift in Sources */,
				CC397E4322B83926007308A9 /* BarberPresenter.swift in Sources */,
				CCC99A9922B6653E007E9136 /* ServiceView.swift in Sources */,
				CC7B00A722B40B1A00EDA3E9 /* LoginViewController.swift in Sources */,
				CC0162D4229C281100F624AF /* ProfileInteractor.swift in Sources */,
				CC7B00A922B40B4300EDA3E9 /* LoginViewController+PresenterDelegate.swift in Sources */,
				CC7B00B322B40C1000EDA3E9 /* RegistrationViewController+TextFieldDelegate.swift in Sources */,
				CCDC571022A596E10073F1F7 /* NetworkingConstants.swift in Sources */,
				CC561C42229BDBEC0048EB86 /* Instalook.xcdatamodeld in Sources */,
				CC7B009F22B40A8E00EDA3E9 /* LoginView.swift in Sources */,
				CC561C3C229BDBEC0048EB86 /* ProfileViewController.swift in Sources */,
				CC561C3A229BDBEC0048EB86 /* AppDelegate.swift in Sources */,
				CCC99A9B22B66590007E9136 /* ServicePresenter.swift in Sources */,
				CC7B009D22B409C700EDA3E9 /* SalonInteractor.swift in Sources */,
				CCC608DC22B693A40027FD01 /* ProfileView.swift in Sources */,
				CC397E3C22B82EBD007308A9 /* Barber.swift in Sources */,
				CC963C4322BAEC8500929553 /* BarberDetailViewController.swift in Sources */,
				CC397E4022B837E9007308A9 /* BarberInteractor.swift in Sources */,
				CC0A1B3422A5EC09003E0315 /* ServiceInteractor.swift in Sources */,
				CC84F37422B99BC900484F73 /* BarberCell.swift in Sources */,
				CCC99A9D22B66FEF007E9136 /* ServiceViewController+PresenterDelegate.swift in Sources */,
				CCD6C6A322B855B9000E2A8B /* ServiceCellView.swift in Sources */,
				CC0249BB229C01CD00921074 /* Utils.swift in Sources */,
				CC7B00A322B40AD400EDA3E9 /* RegistrationView.swift in Sources */,
				CC6D082522B5917300A86C27 /* ServiceViewController.swift in Sources */,
				CC397E4E22B8509F007308A9 /* BarberViewController+PresenterDelegate.swift in Sources */,
			);
			runOnlyForDeploymentPostprocessing = 0;
		};
		CC561C49229BDBEC0048EB86 /* Sources */ = {
			isa = PBXSourcesBuildPhase;
			buildActionMask = 2147483647;
			files = (
				CC561C52229BDBEC0048EB86 /* InstalookTests.swift in Sources */,
			);
			runOnlyForDeploymentPostprocessing = 0;
		};
		CC561C54229BDBEC0048EB86 /* Sources */ = {
			isa = PBXSourcesBuildPhase;
			buildActionMask = 2147483647;
			files = (
				CC561C5D229BDBEC0048EB86 /* InstalookUITests.swift in Sources */,
			);
			runOnlyForDeploymentPostprocessing = 0;
		};
/* End PBXSourcesBuildPhase section */

/* Begin PBXTargetDependency section */
		CC561C4F229BDBEC0048EB86 /* PBXTargetDependency */ = {
			isa = PBXTargetDependency;
			target = CC561C35229BDBEC0048EB86 /* Instalook */;
			targetProxy = CC561C4E229BDBEC0048EB86 /* PBXContainerItemProxy */;
		};
		CC561C5A229BDBEC0048EB86 /* PBXTargetDependency */ = {
			isa = PBXTargetDependency;
			target = CC561C35229BDBEC0048EB86 /* Instalook */;
			targetProxy = CC561C59229BDBEC0048EB86 /* PBXContainerItemProxy */;
		};
/* End PBXTargetDependency section */

/* Begin PBXVariantGroup section */
		CC561C3D229BDBEC0048EB86 /* Main.storyboard */ = {
			isa = PBXVariantGroup;
			children = (
				CC561C3E229BDBEC0048EB86 /* Base */,
			);
			name = Main.storyboard;
			sourceTree = "<group>";
		};
		CC561C45229BDBEC0048EB86 /* LaunchScreen.storyboard */ = {
			isa = PBXVariantGroup;
			children = (
				CC561C46229BDBEC0048EB86 /* Base */,
			);
			name = LaunchScreen.storyboard;
			sourceTree = "<group>";
		};
/* End PBXVariantGroup section */

/* Begin XCBuildConfiguration section */
		CC561C5F229BDBEC0048EB86 /* Debug */ = {
			isa = XCBuildConfiguration;
			buildSettings = {
				ALWAYS_SEARCH_USER_PATHS = NO;
				CLANG_ANALYZER_NONNULL = YES;
				CLANG_CXX_LANGUAGE_STANDARD = "gnu++0x";
				CLANG_CXX_LIBRARY = "libc++";
				CLANG_ENABLE_MODULES = YES;
				CLANG_ENABLE_OBJC_ARC = YES;
				CLANG_WARN_BOOL_CONVERSION = YES;
				CLANG_WARN_CONSTANT_CONVERSION = YES;
				CLANG_WARN_DIRECT_OBJC_ISA_USAGE = YES_ERROR;
				CLANG_WARN_DOCUMENTATION_COMMENTS = YES;
				CLANG_WARN_EMPTY_BODY = YES;
				CLANG_WARN_ENUM_CONVERSION = YES;
				CLANG_WARN_INFINITE_RECURSION = YES;
				CLANG_WARN_INT_CONVERSION = YES;
				CLANG_WARN_OBJC_ROOT_CLASS = YES_ERROR;
				CLANG_WARN_SUSPICIOUS_MOVE = YES;
				CLANG_WARN_UNREACHABLE_CODE = YES;
				CLANG_WARN__DUPLICATE_METHOD_MATCH = YES;
				"CODE_SIGN_IDENTITY[sdk=iphoneos*]" = "iPhone Developer";
				COPY_PHASE_STRIP = NO;
				DEBUG_INFORMATION_FORMAT = dwarf;
				ENABLE_STRICT_OBJC_MSGSEND = YES;
				ENABLE_TESTABILITY = YES;
				GCC_C_LANGUAGE_STANDARD = gnu99;
				GCC_DYNAMIC_NO_PIC = NO;
				GCC_NO_COMMON_BLOCKS = YES;
				GCC_OPTIMIZATION_LEVEL = 0;
				GCC_PREPROCESSOR_DEFINITIONS = (
					"DEBUG=1",
					"$(inherited)",
				);
				GCC_WARN_64_TO_32_BIT_CONVERSION = YES;
				GCC_WARN_ABOUT_RETURN_TYPE = YES_ERROR;
				GCC_WARN_UNDECLARED_SELECTOR = YES;
				GCC_WARN_UNINITIALIZED_AUTOS = YES_AGGRESSIVE;
				GCC_WARN_UNUSED_FUNCTION = YES;
				GCC_WARN_UNUSED_VARIABLE = YES;
				IPHONEOS_DEPLOYMENT_TARGET = 10.2;
				MTL_ENABLE_DEBUG_INFO = YES;
				ONLY_ACTIVE_ARCH = YES;
				SDKROOT = iphoneos;
				SWIFT_ACTIVE_COMPILATION_CONDITIONS = DEBUG;
				SWIFT_OPTIMIZATION_LEVEL = "-Onone";
			};
			name = Debug;
		};
		CC561C60229BDBEC0048EB86 /* Release */ = {
			isa = XCBuildConfiguration;
			buildSettings = {
				ALWAYS_SEARCH_USER_PATHS = NO;
				CLANG_ANALYZER_NONNULL = YES;
				CLANG_CXX_LANGUAGE_STANDARD = "gnu++0x";
				CLANG_CXX_LIBRARY = "libc++";
				CLANG_ENABLE_MODULES = YES;
				CLANG_ENABLE_OBJC_ARC = YES;
				CLANG_WARN_BOOL_CONVERSION = YES;
				CLANG_WARN_CONSTANT_CONVERSION = YES;
				CLANG_WARN_DIRECT_OBJC_ISA_USAGE = YES_ERROR;
				CLANG_WARN_DOCUMENTATION_COMMENTS = YES;
				CLANG_WARN_EMPTY_BODY = YES;
				CLANG_WARN_ENUM_CONVERSION = YES;
				CLANG_WARN_INFINITE_RECURSION = YES;
				CLANG_WARN_INT_CONVERSION = YES;
				CLANG_WARN_OBJC_ROOT_CLASS = YES_ERROR;
				CLANG_WARN_SUSPICIOUS_MOVE = YES;
				CLANG_WARN_UNREACHABLE_CODE = YES;
				CLANG_WARN__DUPLICATE_METHOD_MATCH = YES;
				"CODE_SIGN_IDENTITY[sdk=iphoneos*]" = "iPhone Developer";
				COPY_PHASE_STRIP = NO;
				DEBUG_INFORMATION_FORMAT = "dwarf-with-dsym";
				ENABLE_NS_ASSERTIONS = NO;
				ENABLE_STRICT_OBJC_MSGSEND = YES;
				GCC_C_LANGUAGE_STANDARD = gnu99;
				GCC_NO_COMMON_BLOCKS = YES;
				GCC_WARN_64_TO_32_BIT_CONVERSION = YES;
				GCC_WARN_ABOUT_RETURN_TYPE = YES_ERROR;
				GCC_WARN_UNDECLARED_SELECTOR = YES;
				GCC_WARN_UNINITIALIZED_AUTOS = YES_AGGRESSIVE;
				GCC_WARN_UNUSED_FUNCTION = YES;
				GCC_WARN_UNUSED_VARIABLE = YES;
				IPHONEOS_DEPLOYMENT_TARGET = 10.2;
				MTL_ENABLE_DEBUG_INFO = NO;
				SDKROOT = iphoneos;
				SWIFT_OPTIMIZATION_LEVEL = "-Owholemodule";
				VALIDATE_PRODUCT = YES;
			};
			name = Release;
		};
		CC561C62229BDBEC0048EB86 /* Debug */ = {
			isa = XCBuildConfiguration;
			baseConfigurationReference = 836BBF5CD29795DA01058F80 /* Pods-Instalook.debug.xcconfig */;
			buildSettings = {
				ASSETCATALOG_COMPILER_APPICON_NAME = AppIcon;
				INFOPLIST_FILE = Instalook/Info.plist;
				LD_RUNPATH_SEARCH_PATHS = "$(inherited) @executable_path/Frameworks";
				PRODUCT_BUNDLE_IDENTIFIER = instalook.Instalook;
				PRODUCT_NAME = "$(TARGET_NAME)";
				SWIFT_VERSION = 3.0;
			};
			name = Debug;
		};
		CC561C63229BDBEC0048EB86 /* Release */ = {
			isa = XCBuildConfiguration;
			baseConfigurationReference = CB6BEEEDCEB0C5E14AE28A8D /* Pods-Instalook.release.xcconfig */;
			buildSettings = {
				ASSETCATALOG_COMPILER_APPICON_NAME = AppIcon;
				INFOPLIST_FILE = Instalook/Info.plist;
				LD_RUNPATH_SEARCH_PATHS = "$(inherited) @executable_path/Frameworks";
				PRODUCT_BUNDLE_IDENTIFIER = instalook.Instalook;
				PRODUCT_NAME = "$(TARGET_NAME)";
				SWIFT_VERSION = 3.0;
			};
			name = Release;
		};
		CC561C65229BDBEC0048EB86 /* Debug */ = {
			isa = XCBuildConfiguration;
			baseConfigurationReference = 4FE1CCDCD2BB49677C02D010 /* Pods-InstalookTests.debug.xcconfig */;
			buildSettings = {
				ALWAYS_EMBED_SWIFT_STANDARD_LIBRARIES = YES;
				BUNDLE_LOADER = "$(TEST_HOST)";
				INFOPLIST_FILE = InstalookTests/Info.plist;
				LD_RUNPATH_SEARCH_PATHS = "$(inherited) @executable_path/Frameworks @loader_path/Frameworks";
				PRODUCT_BUNDLE_IDENTIFIER = instalook.InstalookTests;
				PRODUCT_NAME = "$(TARGET_NAME)";
				SWIFT_VERSION = 3.0;
				TEST_HOST = "$(BUILT_PRODUCTS_DIR)/Instalook.app/Instalook";
			};
			name = Debug;
		};
		CC561C66229BDBEC0048EB86 /* Release */ = {
			isa = XCBuildConfiguration;
			baseConfigurationReference = CBDE5DD142DA2524878892B3 /* Pods-InstalookTests.release.xcconfig */;
			buildSettings = {
				ALWAYS_EMBED_SWIFT_STANDARD_LIBRARIES = YES;
				BUNDLE_LOADER = "$(TEST_HOST)";
				INFOPLIST_FILE = InstalookTests/Info.plist;
				LD_RUNPATH_SEARCH_PATHS = "$(inherited) @executable_path/Frameworks @loader_path/Frameworks";
				PRODUCT_BUNDLE_IDENTIFIER = instalook.InstalookTests;
				PRODUCT_NAME = "$(TARGET_NAME)";
				SWIFT_VERSION = 3.0;
				TEST_HOST = "$(BUILT_PRODUCTS_DIR)/Instalook.app/Instalook";
			};
			name = Release;
		};
		CC561C68229BDBEC0048EB86 /* Debug */ = {
			isa = XCBuildConfiguration;
			baseConfigurationReference = 0C6EA7713356BECD072E7999 /* Pods-InstalookUITests.debug.xcconfig */;
			buildSettings = {
				ALWAYS_EMBED_SWIFT_STANDARD_LIBRARIES = YES;
				INFOPLIST_FILE = InstalookUITests/Info.plist;
				LD_RUNPATH_SEARCH_PATHS = "$(inherited) @executable_path/Frameworks @loader_path/Frameworks";
				PRODUCT_BUNDLE_IDENTIFIER = instalook.InstalookUITests;
				PRODUCT_NAME = "$(TARGET_NAME)";
				SWIFT_VERSION = 3.0;
				TEST_TARGET_NAME = Instalook;
			};
			name = Debug;
		};
		CC561C69229BDBEC0048EB86 /* Release */ = {
			isa = XCBuildConfiguration;
			baseConfigurationReference = BA7F5AEF1BE2C4AA66DF9F55 /* Pods-InstalookUITests.release.xcconfig */;
			buildSettings = {
				ALWAYS_EMBED_SWIFT_STANDARD_LIBRARIES = YES;
				INFOPLIST_FILE = InstalookUITests/Info.plist;
				LD_RUNPATH_SEARCH_PATHS = "$(inherited) @executable_path/Frameworks @loader_path/Frameworks";
				PRODUCT_BUNDLE_IDENTIFIER = instalook.InstalookUITests;
				PRODUCT_NAME = "$(TARGET_NAME)";
				SWIFT_VERSION = 3.0;
				TEST_TARGET_NAME = Instalook;
			};
			name = Release;
		};
/* End XCBuildConfiguration section */

/* Begin XCConfigurationList section */
		CC561C31229BDBEB0048EB86 /* Build configuration list for PBXProject "Instalook" */ = {
			isa = XCConfigurationList;
			buildConfigurations = (
				CC561C5F229BDBEC0048EB86 /* Debug */,
				CC561C60229BDBEC0048EB86 /* Release */,
			);
			defaultConfigurationIsVisible = 0;
			defaultConfigurationName = Release;
		};
		CC561C61229BDBEC0048EB86 /* Build configuration list for PBXNativeTarget "Instalook" */ = {
			isa = XCConfigurationList;
			buildConfigurations = (
				CC561C62229BDBEC0048EB86 /* Debug */,
				CC561C63229BDBEC0048EB86 /* Release */,
			);
			defaultConfigurationIsVisible = 0;
			defaultConfigurationName = Release;
		};
		CC561C64229BDBEC0048EB86 /* Build configuration list for PBXNativeTarget "InstalookTests" */ = {
			isa = XCConfigurationList;
			buildConfigurations = (
				CC561C65229BDBEC0048EB86 /* Debug */,
				CC561C66229BDBEC0048EB86 /* Release */,
			);
			defaultConfigurationIsVisible = 0;
			defaultConfigurationName = Release;
		};
		CC561C67229BDBEC0048EB86 /* Build configuration list for PBXNativeTarget "InstalookUITests" */ = {
			isa = XCConfigurationList;
			buildConfigurations = (
				CC561C68229BDBEC0048EB86 /* Debug */,
				CC561C69229BDBEC0048EB86 /* Release */,
			);
			defaultConfigurationIsVisible = 0;
			defaultConfigurationName = Release;
		};
/* End XCConfigurationList section */

/* Begin XCVersionGroup section */
		CC561C40229BDBEC0048EB86 /* Instalook.xcdatamodeld */ = {
			isa = XCVersionGroup;
			children = (
				CC561C41229BDBEC0048EB86 /* Instalook.xcdatamodel */,
			);
			currentVersion = CC561C41229BDBEC0048EB86 /* Instalook.xcdatamodel */;
			path = Instalook.xcdatamodeld;
			sourceTree = "<group>";
			versionGroupType = wrapper.xcdatamodel;
		};
/* End XCVersionGroup section */
	};
	rootObject = CC561C2E229BDBEB0048EB86 /* Project object */;
}
